github.com/EngoEngine/ecs v1.0.5 h1:S21KTClrAqC862BFR5wTkd6uEYQ0Aw/ob9RjKPt0e30=
github.com/EngoEngine/ecs v1.0.5/go.mod h1:A8AYbzKIsl+t4qafmLL3t4H6cXdfGo4CIHl7EN100iM=
github.com/andewx/go-opencl/cl v0.0.0-20221007051948-3a406447a1f9 h1:FGk9MoiPNy1OwT3Bh/VQ0GjkaBerO27jRxbd/oyT+SQ=
github.com/andewx/go-opencl/cl v0.0.0-20221007051948-3a406447a1f9/go.mod h1:IH9a3tW7Ge9vEJlboCMduz0RS6Q5bwmMbHbp9iEoe8E=
github.com/asticode/go-astikit v0.15.0 h1:mpy55njSQ9SS9gP9vmPAfo08YpRt+4pr5/1emK6DFF0=
github.com/asticode/go-astikit v0.15.0/go.mod h1:h4ly7idim1tNhaVkdVBeXQZEE3L0xblP7fCWbgwipF0=
github.com/asticode/go-astilectron v0.27.0 h1:SbY6xDsPZ+BvQTb/daZpFBTJF5QWzSQ2IEj9destNIw=
github.com/asticode/go-astilectron v0.27.0/go.mod h1:Tx+aS0IvbV0cO4TlQbOO1NFA/lATj11vEStydyIjMjM=
github.com/davecgh/go-spew v1.1.0/go.mod h1:J7Y8YcW2NihsgmVo/mv3lAwl/skON4iLHjSsI+c5H38=
github.com/davecgh/go-spew v1.1.1 h1:vj9j/u1bqnvCEfJOwUhtlOARqs3+rkHYY13jYWTU97c=
github.com/davecgh/go-spew v1.1.1/go.mod h1:J7Y8YcW2NihsgmVo/mv3lAwl/skON4iLHjSsI+c5H38=
github.com/go-gl/gl v0.0.0-20210501111010-69f74958bac0 h1:7xNa69TzlTrKtlBtE4yyNRFP9oqAneXAs9oKJkVOECs=
github.com/go-gl/gl v0.0.0-20210501111010-69f74958bac0/go.mod h1:wjpnOv6ONl2SuJSxqCPVaPZibGFdSci9HFocT9qtVYM=
github.com/go-gl/glfw/v3.3/glfw v0.0.0-20211213063430-748e38ca8aec h1:3FLiRYO6PlQFDpUU7OEFlWgjGD1jnBIVSJ5SYRWk+9c=
github.com/go-gl/glfw/v3.3/glfw v0.0.0-20211213063430-748e38ca8aec/go.mod h1:tQ2UAYgL5IevRw8kRxooKSPJfGvJ9fJQFa0TUsXzTg8=
github.com/kr/pretty v0.2.1 h1:Fmg33tUaq4/8ym9TJN1x7sLJnHVwhP33CNkpYV/7rwI=
github.com/kr/pretty v0.2.1/go.mod h1:ipq/a2n7PKx3OHsz4KJII5eveXtPO4qwEXGdVfWzfnI=
github.com/kr/pty v1.1.1/go.mod h1:pFQYn66WHrOpPYNljwOMqo10TkYh1fy3cYio2l3bCsQ=
github.com/kr/text v0.1.0 h1:45sCR5RtlFHMR4UwH9sdQ5TC8v0qDQCHnXt+kaKSTVE=
github.com/kr/text v0.1.0/go.mod h1:4Jbv+DJW3UT/LiOwJeYQe1efqtUx/iVham/4vfdArNI=
github.com/pmezard/go-difflib v1.0.0 h1:4DBwDE0NGyQoBHbLQYPwSUPoCMWR5BEzIk/f1lZbAQM=
github.com/pmezard/go-difflib v1.0.0/go.mod h1:iKH77koFhYxTK1pcRnkKkqfTogsbg7gZNVY4sRDYZ/4=
github.com/stretchr/objx v0.1.0/go.mod h1:HFkY916IF+rwdDfMAkV7OtwuqBVzrE8GR6GFx+wExME=
github.com/stretchr/testify v1.4.0/go.mod h1:j7eGeouHqKxXV5pUuKE4zz7dFj8WfuZ+81PSLYec5m4=
github.com/stretchr/testify v1.6.1/go.mod h1:6Fq8oRcR53rry900zMqJjRRixrwX3KX962/h/Wwjteg=
github.com/stretchr/testify v1.7.0 h1:nwc3DEeHmmLAfoZucVR881uASk0Mfjw8xYJ99tb5CcY=
github.com/stretchr/testify v1.7.0/go.mod h1:6Fq8oRcR53rry900zMqJjRRixrwX3KX962/h/Wwjteg=
gopkg.in/check.v1 v0.0.0-20161208181325-20d25e280405/go.mod h1:Co6ibVJAznAaIkqp8huTwlJQCZ016jof/cbN4VW5Yz0=
gopkg.in/check.v1 v1.0.0-20190902080502-41f04d3bba15 h1:YR8cESwS4TdDjEe65xsg0ogRM/Nc3DYOhEAlW+xobZo=
gopkg.in/check.v1 v1.0.0-20190902080502-41f04d3bba15/go.mod h1:Co6ibVJAznAaIkqp8huTwlJQCZ016jof/cbN4VW5Yz0=
gopkg.in/yaml.v2 v2.2.2/go.mod h1:hI93XBmqTisBFMUTm0b8Fm+jr3Dg1NNxqwp+5A1VGuI=
gopkg.in/yaml.v3 v3.0.0-20200313102051-9f266ea9e77c h1:dUUwHk2QECo/6vqA44rthZ8ie2QXMNeKRTHCNY2nXvo=
gopkg.in/yaml.v3 v3.0.0-20200313102051-9f266ea9e77c/go.mod h1:K4uyk7z7BCEPqu6E+C64Yfv1cQ7kz7rIZviUmN+EgEM=
