dmitri.shuralyov.com/go/generated v0.0.0-20170818220700-b1254a446363 h1:o4lAkfETerCnr1kF9/qwkwjICnU+YLHNDCM8h2xj7as=
dmitri.shuralyov.com/go/generated v0.0.0-20170818220700-b1254a446363/go.mod h1:WG7q7swWsS2f9PYpt5DoEP/EBYWx8We5UoRltn9vJl8=
github.com/alecthomas/gocyclo v0.0.0-20150208221726-aa8f8b160214 h1:YI/8G3uLbYyowJeOPVL6BMKe2wbL54h0FdEKmncU6lU=
github.com/alecthomas/gocyclo v0.0.0-20150208221726-aa8f8b160214/go.mod h1:Ef5UOtJdJ5rVFObdOVsrNgKV/Wf4I+daTCSk8GTrHIk=
github.com/gordonklaus/ineffassign v0.0.0-20201107091007-3b93a8888063 h1:dKprcOvlsvqfWn/iGvz+oYuC2axESeSMuF8dDrWMNsE=
github.com/gordonklaus/ineffassign v0.0.0-20201107091007-3b93a8888063/go.mod h1:cuNKsD1zp2v6XfE/orVX2QE1LC+i254ceGcVeDT3pTU=
github.com/jgautheron/goconst v0.0.0-20201117150253-ccae5bf973f3 h1:7nkB9fLPMwtn/R6qfPcHileL/x9ydlhw8XyDrLI1ZXg=
github.com/jgautheron/goconst v0.0.0-20201117150253-ccae5bf973f3/go.mod h1:aAosetZ5zaeC/2EfMeRswtxUFBpe2Hr7HzkgX4fanO4=
