github.com/andewx/dieselfluid v0.0.0-20201231051533-a2d4fb57e3d4 h1:tKC3qHRiowyjn+gzvkBGEMYsBMj3Cy5WjTA2JGwYX2E=
github.com/andewx/dieselfluid/math/math64 v0.0.0-20201231045154-afd1b1ef4904 h1:CJ1QUcCZ6zCpssuqhQBoRpnAzDQ7FZF1Qu0kE9CXFdE=
github.com/andewx/dieselfluid/math/math64 v0.0.0-20201231045154-afd1b1ef4904/go.mod h1:FpezXBrVaHNsmv8rOpR4Pd8nQlG5sHR0k4WA0bteGgo=
github.com/andewx/dieselfluid/sampler/voxel v0.0.0-20201231053351-e1d028173489 h1:r6iPArMrd/4VLaT3RVYLS68AV4TJdIGkAYaEvvyQ2p4=
github.com/andewx/dieselfluid/sampler/voxel v0.0.0-20201231053351-e1d028173489/go.mod h1:e3XityZxTAQbparJryb3vXKatTulKIOiTxa9XrOxD8w=
